// !$*UTF8*$!
{
	archiveVersion = 1;
	classes = {
	};
	objectVersion = 50;
	objects = {

/* Begin PBXBuildFile section */
		338458B02170096A004F3CBF /* DetailViewController.swift in Sources */ = {isa = PBXBuildFile; fileRef = 338458AF2170096A004F3CBF /* DetailViewController.swift */; };
		338458B221712B64004F3CBF /* PosterCell.swift in Sources */ = {isa = PBXBuildFile; fileRef = 338458B121712B64004F3CBF /* PosterCell.swift */; };
		338458B421712C03004F3CBF /* SuperheroViewController.swift in Sources */ = {isa = PBXBuildFile; fileRef = 338458B321712C03004F3CBF /* SuperheroViewController.swift */; };
		33F082D22166998C00FD678D /* AppDelegate.swift in Sources */ = {isa = PBXBuildFile; fileRef = 33F082D12166998C00FD678D /* AppDelegate.swift */; };
		33F082D72166998C00FD678D /* Main.storyboard in Resources */ = {isa = PBXBuildFile; fileRef = 33F082D52166998C00FD678D /* Main.storyboard */; };
		33F082D92166998E00FD678D /* Assets.xcassets in Resources */ = {isa = PBXBuildFile; fileRef = 33F082D82166998E00FD678D /* Assets.xcassets */; };
		33F082DC2166998E00FD678D /* LaunchScreen.storyboard in Resources */ = {isa = PBXBuildFile; fileRef = 33F082DA2166998E00FD678D /* LaunchScreen.storyboard */; };
		33F082E72166998E00FD678D /* flix_demo_03Tests.swift in Sources */ = {isa = PBXBuildFile; fileRef = 33F082E62166998E00FD678D /* flix_demo_03Tests.swift */; };
		33F082F22166998E00FD678D /* flix_demo_03UITests.swift in Sources */ = {isa = PBXBuildFile; fileRef = 33F082F12166998E00FD678D /* flix_demo_03UITests.swift */; };
		33F083042166B02D00FD678D /* NowPlayingViewController.swift in Sources */ = {isa = PBXBuildFile; fileRef = 33F083032166B02D00FD678D /* NowPlayingViewController.swift */; };
		33F0830821684EB400FD678D /* MovieCell.swift in Sources */ = {isa = PBXBuildFile; fileRef = 33F0830721684EB400FD678D /* MovieCell.swift */; };
		54367167219FCA0B004C75A7 /* MoviesAPIManager.swift in Sources */ = {isa = PBXBuildFile; fileRef = 54367166219FCA0B004C75A7 /* MoviesAPIManager.swift */; };
		54A9E1E7219F3ACC00A503DC /* Movie.swift in Sources */ = {isa = PBXBuildFile; fileRef = 54A9E1E6219F3ACC00A503DC /* Movie.swift */; };
		5F3BFCE05B541048CA4BDB37 /* Pods_flix_demo_03Tests.framework in Frameworks */ = {isa = PBXBuildFile; fileRef = CB32B4461B9E1B31317CF559 /* Pods_flix_demo_03Tests.framework */; };
		CE669F35B2CDDB1FB404A358 /* Pods_flix_demo_03UITests.framework in Frameworks */ = {isa = PBXBuildFile; fileRef = 84E5675C88AE5A4A445D7D47 /* Pods_flix_demo_03UITests.framework */; };
		DFF8FA5A5AE9255BB209CD0D /* Pods_flix_demo_03.framework in Frameworks */ = {isa = PBXBuildFile; fileRef = 58F27D2918D76DF193F8C234 /* Pods_flix_demo_03.framework */; };
/* End PBXBuildFile section */

/* Begin PBXContainerItemProxy section */
		33F082E32166998E00FD678D /* PBXContainerItemProxy */ = {
			isa = PBXContainerItemProxy;
			containerPortal = 33F082C62166998B00FD678D /* Project object */;
			proxyType = 1;
			remoteGlobalIDString = 33F082CD2166998C00FD678D;
			remoteInfo = flix_demo_03;
		};
		33F082EE2166998E00FD678D /* PBXContainerItemProxy */ = {
			isa = PBXContainerItemProxy;
			containerPortal = 33F082C62166998B00FD678D /* Project object */;
			proxyType = 1;
			remoteGlobalIDString = 33F082CD2166998C00FD678D;
			remoteInfo = flix_demo_03;
		};
/* End PBXContainerItemProxy section */

/* Begin PBXFileReference section */
		338458AF2170096A004F3CBF /* DetailViewController.swift */ = {isa = PBXFileReference; lastKnownFileType = sourcecode.swift; path = DetailViewController.swift; sourceTree = "<group>"; };
		338458B121712B64004F3CBF /* PosterCell.swift */ = {isa = PBXFileReference; lastKnownFileType = sourcecode.swift; path = PosterCell.swift; sourceTree = "<group>"; };
		338458B321712C03004F3CBF /* SuperheroViewController.swift */ = {isa = PBXFileReference; lastKnownFileType = sourcecode.swift; path = SuperheroViewController.swift; sourceTree = "<group>"; };
		33F082CE2166998C00FD678D /* flix_demo_03.app */ = {isa = PBXFileReference; explicitFileType = wrapper.application; includeInIndex = 0; path = flix_demo_03.app; sourceTree = BUILT_PRODUCTS_DIR; };
		33F082D12166998C00FD678D /* AppDelegate.swift */ = {isa = PBXFileReference; lastKnownFileType = sourcecode.swift; path = AppDelegate.swift; sourceTree = "<group>"; };
		33F082D62166998C00FD678D /* Base */ = {isa = PBXFileReference; lastKnownFileType = file.storyboard; name = Base; path = Base.lproj/Main.storyboard; sourceTree = "<group>"; };
		33F082D82166998E00FD678D /* Assets.xcassets */ = {isa = PBXFileReference; lastKnownFileType = folder.assetcatalog; path = Assets.xcassets; sourceTree = "<group>"; };
		33F082DB2166998E00FD678D /* Base */ = {isa = PBXFileReference; lastKnownFileType = file.storyboard; name = Base; path = Base.lproj/LaunchScreen.storyboard; sourceTree = "<group>"; };
		33F082DD2166998E00FD678D /* Info.plist */ = {isa = PBXFileReference; lastKnownFileType = text.plist.xml; path = Info.plist; sourceTree = "<group>"; };
		33F082E22166998E00FD678D /* flix_demo_03Tests.xctest */ = {isa = PBXFileReference; explicitFileType = wrapper.cfbundle; includeInIndex = 0; path = flix_demo_03Tests.xctest; sourceTree = BUILT_PRODUCTS_DIR; };
		33F082E62166998E00FD678D /* flix_demo_03Tests.swift */ = {isa = PBXFileReference; lastKnownFileType = sourcecode.swift; path = flix_demo_03Tests.swift; sourceTree = "<group>"; };
		33F082E82166998E00FD678D /* Info.plist */ = {isa = PBXFileReference; lastKnownFileType = text.plist.xml; path = Info.plist; sourceTree = "<group>"; };
		33F082ED2166998E00FD678D /* flix_demo_03UITests.xctest */ = {isa = PBXFileReference; explicitFileType = wrapper.cfbundle; includeInIndex = 0; path = flix_demo_03UITests.xctest; sourceTree = BUILT_PRODUCTS_DIR; };
		33F082F12166998E00FD678D /* flix_demo_03UITests.swift */ = {isa = PBXFileReference; lastKnownFileType = sourcecode.swift; path = flix_demo_03UITests.swift; sourceTree = "<group>"; };
		33F082F32166998E00FD678D /* Info.plist */ = {isa = PBXFileReference; lastKnownFileType = text.plist.xml; path = Info.plist; sourceTree = "<group>"; };
		33F083022166A96500FD678D /* en */ = {isa = PBXFileReference; lastKnownFileType = text.plist.strings; name = en; path = en.lproj/LaunchScreen.strings; sourceTree = "<group>"; };
		33F083032166B02D00FD678D /* NowPlayingViewController.swift */ = {isa = PBXFileReference; lastKnownFileType = sourcecode.swift; path = NowPlayingViewController.swift; sourceTree = "<group>"; };
		33F0830721684EB400FD678D /* MovieCell.swift */ = {isa = PBXFileReference; lastKnownFileType = sourcecode.swift; path = MovieCell.swift; sourceTree = "<group>"; };
		4731CC8D60A8A73BB1F69AFC /* Pods-flix_demo_03.release.xcconfig */ = {isa = PBXFileReference; includeInIndex = 1; lastKnownFileType = text.xcconfig; name = "Pods-flix_demo_03.release.xcconfig"; path = "Pods/Target Support Files/Pods-flix_demo_03/Pods-flix_demo_03.release.xcconfig"; sourceTree = "<group>"; };
		54367166219FCA0B004C75A7 /* MoviesAPIManager.swift */ = {isa = PBXFileReference; lastKnownFileType = sourcecode.swift; path = MoviesAPIManager.swift; sourceTree = "<group>"; };
		54A9E1E6219F3ACC00A503DC /* Movie.swift */ = {isa = PBXFileReference; lastKnownFileType = sourcecode.swift; path = Movie.swift; sourceTree = "<group>"; };
		58F27D2918D76DF193F8C234 /* Pods_flix_demo_03.framework */ = {isa = PBXFileReference; explicitFileType = wrapper.framework; includeInIndex = 0; path = Pods_flix_demo_03.framework; sourceTree = BUILT_PRODUCTS_DIR; };
		5A937F5319A548BBB91767F3 /* Pods-flix_demo_03UITests.release.xcconfig */ = {isa = PBXFileReference; includeInIndex = 1; lastKnownFileType = text.xcconfig; name = "Pods-flix_demo_03UITests.release.xcconfig"; path = "Pods/Target Support Files/Pods-flix_demo_03UITests/Pods-flix_demo_03UITests.release.xcconfig"; sourceTree = "<group>"; };
		62CE16F95D0FFCA3DC2AEA3C /* Pods-flix_demo_03.debug.xcconfig */ = {isa = PBXFileReference; includeInIndex = 1; lastKnownFileType = text.xcconfig; name = "Pods-flix_demo_03.debug.xcconfig"; path = "Pods/Target Support Files/Pods-flix_demo_03/Pods-flix_demo_03.debug.xcconfig"; sourceTree = "<group>"; };
		84E5675C88AE5A4A445D7D47 /* Pods_flix_demo_03UITests.framework */ = {isa = PBXFileReference; explicitFileType = wrapper.framework; includeInIndex = 0; path = Pods_flix_demo_03UITests.framework; sourceTree = BUILT_PRODUCTS_DIR; };
		87CBC323EBC92081E92A5255 /* Pods-flix_demo_03Tests.debug.xcconfig */ = {isa = PBXFileReference; includeInIndex = 1; lastKnownFileType = text.xcconfig; name = "Pods-flix_demo_03Tests.debug.xcconfig"; path = "Pods/Target Support Files/Pods-flix_demo_03Tests/Pods-flix_demo_03Tests.debug.xcconfig"; sourceTree = "<group>"; };
		926118FB936203749857E315 /* Pods-flix_demo_03Tests.release.xcconfig */ = {isa = PBXFileReference; includeInIndex = 1; lastKnownFileType = text.xcconfig; name = "Pods-flix_demo_03Tests.release.xcconfig"; path = "Pods/Target Support Files/Pods-flix_demo_03Tests/Pods-flix_demo_03Tests.release.xcconfig"; sourceTree = "<group>"; };
		CB32B4461B9E1B31317CF559 /* Pods_flix_demo_03Tests.framework */ = {isa = PBXFileReference; explicitFileType = wrapper.framework; includeInIndex = 0; path = Pods_flix_demo_03Tests.framework; sourceTree = BUILT_PRODUCTS_DIR; };
		EFCA6690866EF47234787C56 /* Pods-flix_demo_03UITests.debug.xcconfig */ = {isa = PBXFileReference; includeInIndex = 1; lastKnownFileType = text.xcconfig; name = "Pods-flix_demo_03UITests.debug.xcconfig"; path = "Pods/Target Support Files/Pods-flix_demo_03UITests/Pods-flix_demo_03UITests.debug.xcconfig"; sourceTree = "<group>"; };
/* End PBXFileReference section */

/* Begin PBXFrameworksBuildPhase section */
		33F082CB2166998C00FD678D /* Frameworks */ = {
			isa = PBXFrameworksBuildPhase;
			buildActionMask = 2147483647;
			files = (
				DFF8FA5A5AE9255BB209CD0D /* Pods_flix_demo_03.framework in Frameworks */,
			);
			runOnlyForDeploymentPostprocessing = 0;
		};
		33F082DF2166998E00FD678D /* Frameworks */ = {
			isa = PBXFrameworksBuildPhase;
			buildActionMask = 2147483647;
			files = (
				5F3BFCE05B541048CA4BDB37 /* Pods_flix_demo_03Tests.framework in Frameworks */,
			);
			runOnlyForDeploymentPostprocessing = 0;
		};
		33F082EA2166998E00FD678D /* Frameworks */ = {
			isa = PBXFrameworksBuildPhase;
			buildActionMask = 2147483647;
			files = (
				CE669F35B2CDDB1FB404A358 /* Pods_flix_demo_03UITests.framework in Frameworks */,
			);
			runOnlyForDeploymentPostprocessing = 0;
		};
/* End PBXFrameworksBuildPhase section */

/* Begin PBXGroup section */
		338458AC21700899004F3CBF /* Views */ = {
			isa = PBXGroup;
			children = (
				33F0830721684EB400FD678D /* MovieCell.swift */,
				338458B121712B64004F3CBF /* PosterCell.swift */,
			);
			path = Views;
			sourceTree = "<group>";
		};
		338458AE217008DD004F3CBF /* ViewController */ = {
			isa = PBXGroup;
			children = (
				33F083032166B02D00FD678D /* NowPlayingViewController.swift */,
				338458AF2170096A004F3CBF /* DetailViewController.swift */,
				338458B321712C03004F3CBF /* SuperheroViewController.swift */,
			);
			path = ViewController;
			sourceTree = "<group>";
		};
		33F082C52166998B00FD678D = {
			isa = PBXGroup;
			children = (
				33F082D02166998C00FD678D /* flix_demo_03 */,
				33F082E52166998E00FD678D /* flix_demo_03Tests */,
				33F082F02166998E00FD678D /* flix_demo_03UITests */,
				33F082CF2166998C00FD678D /* Products */,
				80F780E8CC68BF43D986E0B1 /* Pods */,
				5CB0167BBD0FF875C2146608 /* Frameworks */,
			);
			sourceTree = "<group>";
		};
		33F082CF2166998C00FD678D /* Products */ = {
			isa = PBXGroup;
			children = (
				33F082CE2166998C00FD678D /* flix_demo_03.app */,
				33F082E22166998E00FD678D /* flix_demo_03Tests.xctest */,
				33F082ED2166998E00FD678D /* flix_demo_03UITests.xctest */,
			);
			name = Products;
			sourceTree = "<group>";
		};
		33F082D02166998C00FD678D /* flix_demo_03 */ = {
			isa = PBXGroup;
			children = (
				54A9E1E3219F3A1700A503DC /* Models */,
				338458AC21700899004F3CBF /* Views */,
				338458AE217008DD004F3CBF /* ViewController */,
				33F082D12166998C00FD678D /* AppDelegate.swift */,
				33F082D52166998C00FD678D /* Main.storyboard */,
				33F082D82166998E00FD678D /* Assets.xcassets */,
				33F082DA2166998E00FD678D /* LaunchScreen.storyboard */,
				33F082DD2166998E00FD678D /* Info.plist */,
			);
			path = flix_demo_03;
			sourceTree = "<group>";
		};
		33F082E52166998E00FD678D /* flix_demo_03Tests */ = {
			isa = PBXGroup;
			children = (
				33F082E62166998E00FD678D /* flix_demo_03Tests.swift */,
				33F082E82166998E00FD678D /* Info.plist */,
			);
			path = flix_demo_03Tests;
			sourceTree = "<group>";
		};
		33F082F02166998E00FD678D /* flix_demo_03UITests */ = {
			isa = PBXGroup;
			children = (
				33F082F12166998E00FD678D /* flix_demo_03UITests.swift */,
				33F082F32166998E00FD678D /* Info.plist */,
			);
			path = flix_demo_03UITests;
			sourceTree = "<group>";
		};
		54A9E1E3219F3A1700A503DC /* Models */ = {
			isa = PBXGroup;
			children = (
				54A9E1E6219F3ACC00A503DC /* Movie.swift */,
				54367166219FCA0B004C75A7 /* MoviesAPIManager.swift */,
			);
			path = Models;
			sourceTree = "<group>";
		};
		5CB0167BBD0FF875C2146608 /* Frameworks */ = {
			isa = PBXGroup;
			children = (
				58F27D2918D76DF193F8C234 /* Pods_flix_demo_03.framework */,
				CB32B4461B9E1B31317CF559 /* Pods_flix_demo_03Tests.framework */,
				84E5675C88AE5A4A445D7D47 /* Pods_flix_demo_03UITests.framework */,
			);
			name = Frameworks;
			sourceTree = "<group>";
		};
		80F780E8CC68BF43D986E0B1 /* Pods */ = {
			isa = PBXGroup;
			children = (
				62CE16F95D0FFCA3DC2AEA3C /* Pods-flix_demo_03.debug.xcconfig */,
				4731CC8D60A8A73BB1F69AFC /* Pods-flix_demo_03.release.xcconfig */,
				87CBC323EBC92081E92A5255 /* Pods-flix_demo_03Tests.debug.xcconfig */,
				926118FB936203749857E315 /* Pods-flix_demo_03Tests.release.xcconfig */,
				EFCA6690866EF47234787C56 /* Pods-flix_demo_03UITests.debug.xcconfig */,
				5A937F5319A548BBB91767F3 /* Pods-flix_demo_03UITests.release.xcconfig */,
			);
			name = Pods;
			sourceTree = "<group>";
		};
/* End PBXGroup section */

/* Begin PBXNativeTarget section */
		33F082CD2166998C00FD678D /* flix_demo_03 */ = {
			isa = PBXNativeTarget;
			buildConfigurationList = 33F082F62166998E00FD678D /* Build configuration list for PBXNativeTarget "flix_demo_03" */;
			buildPhases = (
				9AB75A9FEDC593623A446945 /* [CP] Check Pods Manifest.lock */,
				33F082CA2166998C00FD678D /* Sources */,
				33F082CB2166998C00FD678D /* Frameworks */,
				33F082CC2166998C00FD678D /* Resources */,
				436002040A7AB2BA0B0C3B2E /* [CP] Embed Pods Frameworks */,
			);
			buildRules = (
			);
			dependencies = (
			);
			name = flix_demo_03;
			productName = flix_demo_03;
			productReference = 33F082CE2166998C00FD678D /* flix_demo_03.app */;
			productType = "com.apple.product-type.application";
		};
		33F082E12166998E00FD678D /* flix_demo_03Tests */ = {
			isa = PBXNativeTarget;
			buildConfigurationList = 33F082F92166998E00FD678D /* Build configuration list for PBXNativeTarget "flix_demo_03Tests" */;
			buildPhases = (
				123488F7FE0B6CD18D39DCD2 /* [CP] Check Pods Manifest.lock */,
				33F082DE2166998E00FD678D /* Sources */,
				33F082DF2166998E00FD678D /* Frameworks */,
				33F082E02166998E00FD678D /* Resources */,
			);
			buildRules = (
			);
			dependencies = (
				33F082E42166998E00FD678D /* PBXTargetDependency */,
			);
			name = flix_demo_03Tests;
			productName = flix_demo_03Tests;
			productReference = 33F082E22166998E00FD678D /* flix_demo_03Tests.xctest */;
			productType = "com.apple.product-type.bundle.unit-test";
		};
		33F082EC2166998E00FD678D /* flix_demo_03UITests */ = {
			isa = PBXNativeTarget;
			buildConfigurationList = 33F082FC2166998E00FD678D /* Build configuration list for PBXNativeTarget "flix_demo_03UITests" */;
			buildPhases = (
				56056DEE54472126B636C74E /* [CP] Check Pods Manifest.lock */,
				33F082E92166998E00FD678D /* Sources */,
				33F082EA2166998E00FD678D /* Frameworks */,
				33F082EB2166998E00FD678D /* Resources */,
			);
			buildRules = (
			);
			dependencies = (
				33F082EF2166998E00FD678D /* PBXTargetDependency */,
			);
			name = flix_demo_03UITests;
			productName = flix_demo_03UITests;
			productReference = 33F082ED2166998E00FD678D /* flix_demo_03UITests.xctest */;
			productType = "com.apple.product-type.bundle.ui-testing";
		};
/* End PBXNativeTarget section */

/* Begin PBXProject section */
		33F082C62166998B00FD678D /* Project object */ = {
			isa = PBXProject;
			attributes = {
				LastSwiftUpdateCheck = 1000;
				LastUpgradeCheck = 1000;
				ORGANIZATIONNAME = "Joseantonio Maciel";
				TargetAttributes = {
					33F082CD2166998C00FD678D = {
						CreatedOnToolsVersion = 10.0;
					};
					33F082E12166998E00FD678D = {
						CreatedOnToolsVersion = 10.0;
						TestTargetID = 33F082CD2166998C00FD678D;
					};
					33F082EC2166998E00FD678D = {
						CreatedOnToolsVersion = 10.0;
						TestTargetID = 33F082CD2166998C00FD678D;
					};
				};
			};
			buildConfigurationList = 33F082C92166998B00FD678D /* Build configuration list for PBXProject "flix_demo_03" */;
			compatibilityVersion = "Xcode 9.3";
			developmentRegion = en;
			hasScannedForEncodings = 0;
			knownRegions = (
				en,
				Base,
			);
			mainGroup = 33F082C52166998B00FD678D;
			productRefGroup = 33F082CF2166998C00FD678D /* Products */;
			projectDirPath = "";
			projectRoot = "";
			targets = (
				33F082CD2166998C00FD678D /* flix_demo_03 */,
				33F082E12166998E00FD678D /* flix_demo_03Tests */,
				33F082EC2166998E00FD678D /* flix_demo_03UITests */,
			);
		};
/* End PBXProject section */

/* Begin PBXResourcesBuildPhase section */
		33F082CC2166998C00FD678D /* Resources */ = {
			isa = PBXResourcesBuildPhase;
			buildActionMask = 2147483647;
			files = (
				33F082DC2166998E00FD678D /* LaunchScreen.storyboard in Resources */,
				33F082D92166998E00FD678D /* Assets.xcassets in Resources */,
				33F082D72166998C00FD678D /* Main.storyboard in Resources */,
			);
			runOnlyForDeploymentPostprocessing = 0;
		};
		33F082E02166998E00FD678D /* Resources */ = {
			isa = PBXResourcesBuildPhase;
			buildActionMask = 2147483647;
			files = (
			);
			runOnlyForDeploymentPostprocessing = 0;
		};
		33F082EB2166998E00FD678D /* Resources */ = {
			isa = PBXResourcesBuildPhase;
			buildActionMask = 2147483647;
			files = (
			);
			runOnlyForDeploymentPostprocessing = 0;
		};
/* End PBXResourcesBuildPhase section */

/* Begin PBXShellScriptBuildPhase section */
		123488F7FE0B6CD18D39DCD2 /* [CP] Check Pods Manifest.lock */ = {
			isa = PBXShellScriptBuildPhase;
			buildActionMask = 2147483647;
			files = (
			);
			inputFileListPaths = (
			);
			inputPaths = (
				"${PODS_PODFILE_DIR_PATH}/Podfile.lock",
				"${PODS_ROOT}/Manifest.lock",
			);
			name = "[CP] Check Pods Manifest.lock";
			outputFileListPaths = (
			);
			outputPaths = (
				"$(DERIVED_FILE_DIR)/Pods-flix_demo_03Tests-checkManifestLockResult.txt",
			);
			runOnlyForDeploymentPostprocessing = 0;
			shellPath = /bin/sh;
			shellScript = "diff \"${PODS_PODFILE_DIR_PATH}/Podfile.lock\" \"${PODS_ROOT}/Manifest.lock\" > /dev/null\nif [ $? != 0 ] ; then\n    # print error to STDERR\n    echo \"error: The sandbox is not in sync with the Podfile.lock. Run 'pod install' or update your CocoaPods installation.\" >&2\n    exit 1\nfi\n# This output is used by Xcode 'outputs' to avoid re-running this script phase.\necho \"SUCCESS\" > \"${SCRIPT_OUTPUT_FILE_0}\"\n";
			showEnvVarsInLog = 0;
		};
		436002040A7AB2BA0B0C3B2E /* [CP] Embed Pods Frameworks */ = {
			isa = PBXShellScriptBuildPhase;
			buildActionMask = 2147483647;
			files = (
			);
			inputFileListPaths = (
			);
			inputPaths = (
				"${SRCROOT}/Pods/Target Support Files/Pods-flix_demo_03/Pods-flix_demo_03-frameworks.sh",
				"${BUILT_PRODUCTS_DIR}/Alamofire/Alamofire.framework",
				"${BUILT_PRODUCTS_DIR}/AlamofireImage/AlamofireImage.framework",
			);
			name = "[CP] Embed Pods Frameworks";
			outputFileListPaths = (
			);
			outputPaths = (
				"${TARGET_BUILD_DIR}/${FRAMEWORKS_FOLDER_PATH}/Alamofire.framework",
				"${TARGET_BUILD_DIR}/${FRAMEWORKS_FOLDER_PATH}/AlamofireImage.framework",
			);
			runOnlyForDeploymentPostprocessing = 0;
			shellPath = /bin/sh;
			shellScript = "\"${SRCROOT}/Pods/Target Support Files/Pods-flix_demo_03/Pods-flix_demo_03-frameworks.sh\"\n";
			showEnvVarsInLog = 0;
		};
		56056DEE54472126B636C74E /* [CP] Check Pods Manifest.lock */ = {
			isa = PBXShellScriptBuildPhase;
			buildActionMask = 2147483647;
			files = (
			);
			inputFileListPaths = (
			);
			inputPaths = (
				"${PODS_PODFILE_DIR_PATH}/Podfile.lock",
				"${PODS_ROOT}/Manifest.lock",
			);
			name = "[CP] Check Pods Manifest.lock";
			outputFileListPaths = (
			);
			outputPaths = (
				"$(DERIVED_FILE_DIR)/Pods-flix_demo_03UITests-checkManifestLockResult.txt",
			);
			runOnlyForDeploymentPostprocessing = 0;
			shellPath = /bin/sh;
			shellScript = "diff \"${PODS_PODFILE_DIR_PATH}/Podfile.lock\" \"${PODS_ROOT}/Manifest.lock\" > /dev/null\nif [ $? != 0 ] ; then\n    # print error to STDERR\n    echo \"error: The sandbox is not in sync with the Podfile.lock. Run 'pod install' or update your CocoaPods installation.\" >&2\n    exit 1\nfi\n# This output is used by Xcode 'outputs' to avoid re-running this script phase.\necho \"SUCCESS\" > \"${SCRIPT_OUTPUT_FILE_0}\"\n";
			showEnvVarsInLog = 0;
		};
		9AB75A9FEDC593623A446945 /* [CP] Check Pods Manifest.lock */ = {
			isa = PBXShellScriptBuildPhase;
			buildActionMask = 2147483647;
			files = (
			);
			inputFileListPaths = (
			);
			inputPaths = (
				"${PODS_PODFILE_DIR_PATH}/Podfile.lock",
				"${PODS_ROOT}/Manifest.lock",
			);
			name = "[CP] Check Pods Manifest.lock";
			outputFileListPaths = (
			);
			outputPaths = (
				"$(DERIVED_FILE_DIR)/Pods-flix_demo_03-checkManifestLockResult.txt",
			);
			runOnlyForDeploymentPostprocessing = 0;
			shellPath = /bin/sh;
			shellScript = "diff \"${PODS_PODFILE_DIR_PATH}/Podfile.lock\" \"${PODS_ROOT}/Manifest.lock\" > /dev/null\nif [ $? != 0 ] ; then\n    # print error to STDERR\n    echo \"error: The sandbox is not in sync with the Podfile.lock. Run 'pod install' or update your CocoaPods installation.\" >&2\n    exit 1\nfi\n# This output is used by Xcode 'outputs' to avoid re-running this script phase.\necho \"SUCCESS\" > \"${SCRIPT_OUTPUT_FILE_0}\"\n";
			showEnvVarsInLog = 0;
		};
/* End PBXShellScriptBuildPhase section */

/* Begin PBXSourcesBuildPhase section */
		33F082CA2166998C00FD678D /* Sources */ = {
			isa = PBXSourcesBuildPhase;
			buildActionMask = 2147483647;
			files = (
				54A9E1E7219F3ACC00A503DC /* Movie.swift in Sources */,
				54367167219FCA0B004C75A7 /* MoviesAPIManager.swift in Sources */,
				33F083042166B02D00FD678D /* NowPlayingViewController.swift in Sources */,
				338458B221712B64004F3CBF /* PosterCell.swift in Sources */,
				338458B421712C03004F3CBF /* SuperheroViewController.swift in Sources */,
				33F082D22166998C00FD678D /* AppDelegate.swift in Sources */,
				33F0830821684EB400FD678D /* MovieCell.swift in Sources */,
				338458B02170096A004F3CBF /* DetailViewController.swift in Sources */,
			);
			runOnlyForDeploymentPostprocessing = 0;
		};
		33F082DE2166998E00FD678D /* Sources */ = {
			isa = PBXSourcesBuildPhase;
			buildActionMask = 2147483647;
			files = (
				33F082E72166998E00FD678D /* flix_demo_03Tests.swift in Sources */,
			);
			runOnlyForDeploymentPostprocessing = 0;
		};
		33F082E92166998E00FD678D /* Sources */ = {
			isa = PBXSourcesBuildPhase;
			buildActionMask = 2147483647;
			files = (
				33F082F22166998E00FD678D /* flix_demo_03UITests.swift in Sources */,
			);
			runOnlyForDeploymentPostprocessing = 0;
		};
/* End PBXSourcesBuildPhase section */

/* Begin PBXTargetDependency section */
		33F082E42166998E00FD678D /* PBXTargetDependency */ = {
			isa = PBXTargetDependency;
			target = 33F082CD2166998C00FD678D /* flix_demo_03 */;
			targetProxy = 33F082E32166998E00FD678D /* PBXContainerItemProxy */;
		};
		33F082EF2166998E00FD678D /* PBXTargetDependency */ = {
			isa = PBXTargetDependency;
			target = 33F082CD2166998C00FD678D /* flix_demo_03 */;
			targetProxy = 33F082EE2166998E00FD678D /* PBXContainerItemProxy */;
		};
/* End PBXTargetDependency section */

/* Begin PBXVariantGroup section */
		33F082D52166998C00FD678D /* Main.storyboard */ = {
			isa = PBXVariantGroup;
			children = (
				33F082D62166998C00FD678D /* Base */,
			);
			name = Main.storyboard;
			sourceTree = "<group>";
		};
		33F082DA2166998E00FD678D /* LaunchScreen.storyboard */ = {
			isa = PBXVariantGroup;
			children = (
				33F082DB2166998E00FD678D /* Base */,
				33F083022166A96500FD678D /* en */,
			);
			name = LaunchScreen.storyboard;
			sourceTree = "<group>";
		};
/* End PBXVariantGroup section */

/* Begin XCBuildConfiguration section */
		33F082F42166998E00FD678D /* Debug */ = {
			isa = XCBuildConfiguration;
			buildSettings = {
				ALWAYS_SEARCH_USER_PATHS = NO;
				CLANG_ANALYZER_NONNULL = YES;
				CLANG_ANALYZER_NUMBER_OBJECT_CONVERSION = YES_AGGRESSIVE;
				CLANG_CXX_LANGUAGE_STANDARD = "gnu++14";
				CLANG_CXX_LIBRARY = "libc++";
				CLANG_ENABLE_MODULES = YES;
				CLANG_ENABLE_OBJC_ARC = YES;
				CLANG_ENABLE_OBJC_WEAK = YES;
				CLANG_WARN_BLOCK_CAPTURE_AUTORELEASING = YES;
				CLANG_WARN_BOOL_CONVERSION = YES;
				CLANG_WARN_COMMA = YES;
				CLANG_WARN_CONSTANT_CONVERSION = YES;
				CLANG_WARN_DEPRECATED_OBJC_IMPLEMENTATIONS = YES;
				CLANG_WARN_DIRECT_OBJC_ISA_USAGE = YES_ERROR;
				CLANG_WARN_DOCUMENTATION_COMMENTS = YES;
				CLANG_WARN_EMPTY_BODY = YES;
				CLANG_WARN_ENUM_CONVERSION = YES;
				CLANG_WARN_INFINITE_RECURSION = YES;
				CLANG_WARN_INT_CONVERSION = YES;
				CLANG_WARN_NON_LITERAL_NULL_CONVERSION = YES;
				CLANG_WARN_OBJC_IMPLICIT_RETAIN_SELF = YES;
				CLANG_WARN_OBJC_LITERAL_CONVERSION = YES;
				CLANG_WARN_OBJC_ROOT_CLASS = YES_ERROR;
				CLANG_WARN_RANGE_LOOP_ANALYSIS = YES;
				CLANG_WARN_STRICT_PROTOTYPES = YES;
				CLANG_WARN_SUSPICIOUS_MOVE = YES;
				CLANG_WARN_UNGUARDED_AVAILABILITY = YES_AGGRESSIVE;
				CLANG_WARN_UNREACHABLE_CODE = YES;
				CLANG_WARN__DUPLICATE_METHOD_MATCH = YES;
				CODE_SIGN_IDENTITY = "iPhone Developer";
				COPY_PHASE_STRIP = NO;
				DEBUG_INFORMATION_FORMAT = dwarf;
				ENABLE_STRICT_OBJC_MSGSEND = YES;
				ENABLE_TESTABILITY = YES;
				GCC_C_LANGUAGE_STANDARD = gnu11;
				GCC_DYNAMIC_NO_PIC = NO;
				GCC_NO_COMMON_BLOCKS = YES;
				GCC_OPTIMIZATION_LEVEL = 0;
				GCC_PREPROCESSOR_DEFINITIONS = (
					"DEBUG=1",
					"$(inherited)",
				);
				GCC_WARN_64_TO_32_BIT_CONVERSION = YES;
				GCC_WARN_ABOUT_RETURN_TYPE = YES_ERROR;
				GCC_WARN_UNDECLARED_SELECTOR = YES;
				GCC_WARN_UNINITIALIZED_AUTOS = YES_AGGRESSIVE;
				GCC_WARN_UNUSED_FUNCTION = YES;
				GCC_WARN_UNUSED_VARIABLE = YES;
				IPHONEOS_DEPLOYMENT_TARGET = 12.0;
				MTL_ENABLE_DEBUG_INFO = INCLUDE_SOURCE;
				MTL_FAST_MATH = YES;
				ONLY_ACTIVE_ARCH = YES;
				SDKROOT = iphoneos;
				SWIFT_ACTIVE_COMPILATION_CONDITIONS = DEBUG;
				SWIFT_OPTIMIZATION_LEVEL = "-Onone";
			};
			name = Debug;
		};
		33F082F52166998E00FD678D /* Release */ = {
			isa = XCBuildConfiguration;
			buildSettings = {
				ALWAYS_SEARCH_USER_PATHS = NO;
				CLANG_ANALYZER_NONNULL = YES;
				CLANG_ANALYZER_NUMBER_OBJECT_CONVERSION = YES_AGGRESSIVE;
				CLANG_CXX_LANGUAGE_STANDARD = "gnu++14";
				CLANG_CXX_LIBRARY = "libc++";
				CLANG_ENABLE_MODULES = YES;
				CLANG_ENABLE_OBJC_ARC = YES;
				CLANG_ENABLE_OBJC_WEAK = YES;
				CLANG_WARN_BLOCK_CAPTURE_AUTORELEASING = YES;
				CLANG_WARN_BOOL_CONVERSION = YES;
				CLANG_WARN_COMMA = YES;
				CLANG_WARN_CONSTANT_CONVERSION = YES;
				CLANG_WARN_DEPRECATED_OBJC_IMPLEMENTATIONS = YES;
				CLANG_WARN_DIRECT_OBJC_ISA_USAGE = YES_ERROR;
				CLANG_WARN_DOCUMENTATION_COMMENTS = YES;
				CLANG_WARN_EMPTY_BODY = YES;
				CLANG_WARN_ENUM_CONVERSION = YES;
				CLANG_WARN_INFINITE_RECURSION = YES;
				CLANG_WARN_INT_CONVERSION = YES;
				CLANG_WARN_NON_LITERAL_NULL_CONVERSION = YES;
				CLANG_WARN_OBJC_IMPLICIT_RETAIN_SELF = YES;
				CLANG_WARN_OBJC_LITERAL_CONVERSION = YES;
				CLANG_WARN_OBJC_ROOT_CLASS = YES_ERROR;
				CLANG_WARN_RANGE_LOOP_ANALYSIS = YES;
				CLANG_WARN_STRICT_PROTOTYPES = YES;
				CLANG_WARN_SUSPICIOUS_MOVE = YES;
				CLANG_WARN_UNGUARDED_AVAILABILITY = YES_AGGRESSIVE;
				CLANG_WARN_UNREACHABLE_CODE = YES;
				CLANG_WARN__DUPLICATE_METHOD_MATCH = YES;
				CODE_SIGN_IDENTITY = "iPhone Developer";
				COPY_PHASE_STRIP = NO;
				DEBUG_INFORMATION_FORMAT = "dwarf-with-dsym";
				ENABLE_NS_ASSERTIONS = NO;
				ENABLE_STRICT_OBJC_MSGSEND = YES;
				GCC_C_LANGUAGE_STANDARD = gnu11;
				GCC_NO_COMMON_BLOCKS = YES;
				GCC_WARN_64_TO_32_BIT_CONVERSION = YES;
				GCC_WARN_ABOUT_RETURN_TYPE = YES_ERROR;
				GCC_WARN_UNDECLARED_SELECTOR = YES;
				GCC_WARN_UNINITIALIZED_AUTOS = YES_AGGRESSIVE;
				GCC_WARN_UNUSED_FUNCTION = YES;
				GCC_WARN_UNUSED_VARIABLE = YES;
				IPHONEOS_DEPLOYMENT_TARGET = 12.0;
				MTL_ENABLE_DEBUG_INFO = NO;
				MTL_FAST_MATH = YES;
				SDKROOT = iphoneos;
				SWIFT_COMPILATION_MODE = wholemodule;
				SWIFT_OPTIMIZATION_LEVEL = "-O";
				VALIDATE_PRODUCT = YES;
			};
			name = Release;
		};
		33F082F72166998E00FD678D /* Debug */ = {
			isa = XCBuildConfiguration;
			baseConfigurationReference = 62CE16F95D0FFCA3DC2AEA3C /* Pods-flix_demo_03.debug.xcconfig */;
			buildSettings = {
				ASSETCATALOG_COMPILER_APPICON_NAME = AppIcon;
				CODE_SIGN_STYLE = Automatic;
				DEVELOPMENT_TEAM = 38NHP694FB;
				INFOPLIST_FILE = flix_demo_03/Info.plist;
				LD_RUNPATH_SEARCH_PATHS = (
					"$(inherited)",
					"@executable_path/Frameworks",
				);
				PRODUCT_BUNDLE_IDENTIFIER = flixdemo;
				PRODUCT_NAME = "$(TARGET_NAME)";
				SWIFT_VERSION = 4.2;
				TARGETED_DEVICE_FAMILY = "1,2";
			};
			name = Debug;
		};
		33F082F82166998E00FD678D /* Release */ = {
			isa = XCBuildConfiguration;
			baseConfigurationReference = 4731CC8D60A8A73BB1F69AFC /* Pods-flix_demo_03.release.xcconfig */;
			buildSettings = {
				ASSETCATALOG_COMPILER_APPICON_NAME = AppIcon;
				CODE_SIGN_STYLE = Automatic;
				DEVELOPMENT_TEAM = 38NHP694FB;
				INFOPLIST_FILE = flix_demo_03/Info.plist;
				LD_RUNPATH_SEARCH_PATHS = (
					"$(inherited)",
					"@executable_path/Frameworks",
				);
				PRODUCT_BUNDLE_IDENTIFIER = flixdemo;
				PRODUCT_NAME = "$(TARGET_NAME)";
				SWIFT_VERSION = 4.2;
				TARGETED_DEVICE_FAMILY = "1,2";
			};
			name = Release;
		};
		33F082FA2166998E00FD678D /* Debug */ = {
			isa = XCBuildConfiguration;
			baseConfigurationReference = 87CBC323EBC92081E92A5255 /* Pods-flix_demo_03Tests.debug.xcconfig */;
			buildSettings = {
				ALWAYS_EMBED_SWIFT_STANDARD_LIBRARIES = YES;
				BUNDLE_LOADER = "$(TEST_HOST)";
				CODE_SIGN_STYLE = Automatic;
				DEVELOPMENT_TEAM = 38NHP694FB;
				INFOPLIST_FILE = flix_demo_03Tests/Info.plist;
				LD_RUNPATH_SEARCH_PATHS = (
					"$(inherited)",
					"@executable_path/Frameworks",
					"@loader_path/Frameworks",
				);
				PRODUCT_BUNDLE_IDENTIFIER = "com.codepath.flix-demo-03Tests";
				PRODUCT_NAME = "$(TARGET_NAME)";
				SWIFT_VERSION = 4.2;
				TARGETED_DEVICE_FAMILY = "1,2";
				TEST_HOST = "$(BUILT_PRODUCTS_DIR)/flix_demo_03.app/flix_demo_03";
			};
			name = Debug;
		};
		33F082FB2166998E00FD678D /* Release */ = {
			isa = XCBuildConfiguration;
			baseConfigurationReference = 926118FB936203749857E315 /* Pods-flix_demo_03Tests.release.xcconfig */;
			buildSettings = {
				ALWAYS_EMBED_SWIFT_STANDARD_LIBRARIES = YES;
				BUNDLE_LOADER = "$(TEST_HOST)";
				CODE_SIGN_STYLE = Automatic;
				DEVELOPMENT_TEAM = 38NHP694FB;
				INFOPLIST_FILE = flix_demo_03Tests/Info.plist;
				LD_RUNPATH_SEARCH_PATHS = (
					"$(inherited)",
					"@executable_path/Frameworks",
					"@loader_path/Frameworks",
				);
				PRODUCT_BUNDLE_IDENTIFIER = "com.codepath.flix-demo-03Tests";
				PRODUCT_NAME = "$(TARGET_NAME)";
				SWIFT_VERSION = 4.2;
				TARGETED_DEVICE_FAMILY = "1,2";
				TEST_HOST = "$(BUILT_PRODUCTS_DIR)/flix_demo_03.app/flix_demo_03";
			};
			name = Release;
		};
		33F082FD2166998E00FD678D /* Debug */ = {
			isa = XCBuildConfiguration;
			baseConfigurationReference = EFCA6690866EF47234787C56 /* Pods-flix_demo_03UITests.debug.xcconfig */;
			buildSettings = {
				ALWAYS_EMBED_SWIFT_STANDARD_LIBRARIES = YES;
				CODE_SIGN_STYLE = Automatic;
				DEVELOPMENT_TEAM = 38NHP694FB;
				INFOPLIST_FILE = flix_demo_03UITests/Info.plist;
				LD_RUNPATH_SEARCH_PATHS = (
					"$(inherited)",
					"@executable_path/Frameworks",
					"@loader_path/Frameworks",
				);
				PRODUCT_BUNDLE_IDENTIFIER = "com.codepath.flix-demo-03UITests";
				PRODUCT_NAME = "$(TARGET_NAME)";
				SWIFT_VERSION = 4.2;
				TARGETED_DEVICE_FAMILY = "1,2";
				TEST_TARGET_NAME = flix_demo_03;
			};
			name = Debug;
		};
		33F082FE2166998E00FD678D /* Release */ = {
			isa = XCBuildConfiguration;
			baseConfigurationReference = 5A937F5319A548BBB91767F3 /* Pods-flix_demo_03UITests.release.xcconfig */;
			buildSettings = {
				ALWAYS_EMBED_SWIFT_STANDARD_LIBRARIES = YES;
				CODE_SIGN_STYLE = Automatic;
				DEVELOPMENT_TEAM = 38NHP694FB;
				INFOPLIST_FILE = flix_demo_03UITests/Info.plist;
				LD_RUNPATH_SEARCH_PATHS = (
					"$(inherited)",
					"@executable_path/Frameworks",
					"@loader_path/Frameworks",
				);
				PRODUCT_BUNDLE_IDENTIFIER = "com.codepath.flix-demo-03UITests";
				PRODUCT_NAME = "$(TARGET_NAME)";
				SWIFT_VERSION = 4.2;
				TARGETED_DEVICE_FAMILY = "1,2";
				TEST_TARGET_NAME = flix_demo_03;
			};
			name = Release;
		};
/* End XCBuildConfiguration section */

/* Begin XCConfigurationList section */
		33F082C92166998B00FD678D /* Build configuration list for PBXProject "flix_demo_03" */ = {
			isa = XCConfigurationList;
			buildConfigurations = (
				33F082F42166998E00FD678D /* Debug */,
				33F082F52166998E00FD678D /* Release */,
			);
			defaultConfigurationIsVisible = 0;
			defaultConfigurationName = Release;
		};
		33F082F62166998E00FD678D /* Build configuration list for PBXNativeTarget "flix_demo_03" */ = {
			isa = XCConfigurationList;
			buildConfigurations = (
				33F082F72166998E00FD678D /* Debug */,
				33F082F82166998E00FD678D /* Release */,
			);
			defaultConfigurationIsVisible = 0;
			defaultConfigurationName = Release;
		};
		33F082F92166998E00FD678D /* Build configuration list for PBXNativeTarget "flix_demo_03Tests" */ = {
			isa = XCConfigurationList;
			buildConfigurations = (
				33F082FA2166998E00FD678D /* Debug */,
				33F082FB2166998E00FD678D /* Release */,
			);
			defaultConfigurationIsVisible = 0;
			defaultConfigurationName = Release;
		};
		33F082FC2166998E00FD678D /* Build configuration list for PBXNativeTarget "flix_demo_03UITests" */ = {
			isa = XCConfigurationList;
			buildConfigurations = (
				33F082FD2166998E00FD678D /* Debug */,
				33F082FE2166998E00FD678D /* Release */,
			);
			defaultConfigurationIsVisible = 0;
			defaultConfigurationName = Release;
		};
/* End XCConfigurationList section */
	};
	rootObject = 33F082C62166998B00FD678D /* Project object */;
}
